
Microsoft Visual Studio Solution File, Format Version 12.00
# Visual Studio Version 18
VisualStudioVersion = 18.5.11801.241
MinimumVisualStudioVersion = 10.0.40219.1
Project("{FAE04EC0-301F-11D3-BF4B-00C04F79EFBC}") = "AuthorizationAPI", "AuthorizationAPI\AuthorizationAPI.csproj", "{C8A8B361-5634-4358-B9A8-07E634B3DC68}"
EndProject
Project("{FAE04EC0-301F-11D3-BF4B-00C04F79EFBC}") = "AppHost", "AppHost\AppHost.csproj", "{05C6A8A4-CAAF-45CC-91F2-BC210AA1DBC5}"
EndProject
Project("{FAE04EC0-301F-11D3-BF4B-00C04F79EFBC}") = "ServiceDefaults", "ServiceDefaults\ServiceDefaults.csproj", "{A5CEC213-9537-416E-90B1-3E5FED2AC1A4}"
EndProject
Project("{2150E333-8FDC-42A3-9474-1A3956D46DE8}") = "Frontend", "Frontend", "{CE609670-85B9-0D16-FB54-ED063D5D8A6D}"
EndProject
Project("{FAE04EC0-301F-11D3-BF4B-00C04F79EFBC}") = "BFF.FrontendProxy", "Frontend\BFF.FrontendProxy\BFF.FrontendProxy.csproj", "{B5E94DD2-E0CA-4AB0-A6A8-C5037AB59E09}"
EndProject
Project("{2150E333-8FDC-42A3-9474-1A3956D46DE8}") = "Backend", "Backend", "{1AE8ACA6-933B-BF2A-3671-3E2EAC007D16}"
EndProject
Project("{FAE04EC0-301F-11D3-BF4B-00C04F79EFBC}") = "Deunde.IdentityServer", "Backend\Deunde.IdentityServer\Deunde.IdentityServer.csproj", "{4557D932-C979-4D6D-B8F2-BC5F8C2135FB}"
EndProject
Project("{FAE04EC0-301F-11D3-BF4B-00C04F79EFBC}") = "ProfilesAPI", "Backend\ProfilesAPI\ProfilesAPI.csproj", "{EDE98084-E676-410B-944B-8FAE85136D0D}"
EndProject
Project("{FAE04EC0-301F-11D3-BF4B-00C04F79EFBC}") = "MicroserviceApiKernel", "Backend\MicroserviceApiKernel\MicroserviceApiKernel.csproj", "{65EB4FD5-E095-4760-8796-19812D9B3FD3}"
EndProject
Project("{FAE04EC0-301F-11D3-BF4B-00C04F79EFBC}") = "OfficesApi", "Backend\OfficesApi\OfficesApi.csproj", "{A88E0C35-20EA-4CAB-B145-8F5CB107EB2F}"
EndProject
Project("{2150E333-8FDC-42A3-9474-1A3956D46DE8}") = "Tests", "Tests", "{F57642F3-C37C-D174-720E-6A6AAD5BEE22}"
EndProject
Project("{FAE04EC0-301F-11D3-BF4B-00C04F79EFBC}") = "IdentityServerTests", "Backend\Tests\IdentityServerTests\IdentityServerTests.csproj", "{42E0CD1A-9CE2-42FE-9D45-E04EFC7F4F48}"
EndProject
Global
	GlobalSection(SolutionConfigurationPlatforms) = preSolution
		Debug|Any CPU = Debug|Any CPU
		Debug|x64 = Debug|x64
		Debug|x86 = Debug|x86
		Release|Any CPU = Release|Any CPU
		Release|x64 = Release|x64
		Release|x86 = Release|x86
	EndGlobalSection
	GlobalSection(ProjectConfigurationPlatforms) = postSolution
		{C8A8B361-5634-4358-B9A8-07E634B3DC68}.Debug|Any CPU.ActiveCfg = Debug|Any CPU
		{C8A8B361-5634-4358-B9A8-07E634B3DC68}.Debug|Any CPU.Build.0 = Debug|Any CPU
		{C8A8B361-5634-4358-B9A8-07E634B3DC68}.Debug|x64.ActiveCfg = Debug|Any CPU
		{C8A8B361-5634-4358-B9A8-07E634B3DC68}.Debug|x64.Build.0 = Debug|Any CPU
		{C8A8B361-5634-4358-B9A8-07E634B3DC68}.Debug|x86.ActiveCfg = Debug|Any CPU
		{C8A8B361-5634-4358-B9A8-07E634B3DC68}.Debug|x86.Build.0 = Debug|Any CPU
		{C8A8B361-5634-4358-B9A8-07E634B3DC68}.Release|Any CPU.ActiveCfg = Release|Any CPU
		{C8A8B361-5634-4358-B9A8-07E634B3DC68}.Release|Any CPU.Build.0 = Release|Any CPU
		{C8A8B361-5634-4358-B9A8-07E634B3DC68}.Release|x64.ActiveCfg = Release|Any CPU
		{C8A8B361-5634-4358-B9A8-07E634B3DC68}.Release|x64.Build.0 = Release|Any CPU
		{C8A8B361-5634-4358-B9A8-07E634B3DC68}.Release|x86.ActiveCfg = Release|Any CPU
		{C8A8B361-5634-4358-B9A8-07E634B3DC68}.Release|x86.Build.0 = Release|Any CPU
		{05C6A8A4-CAAF-45CC-91F2-BC210AA1DBC5}.Debug|Any CPU.ActiveCfg = Debug|Any CPU
		{05C6A8A4-CAAF-45CC-91F2-BC210AA1DBC5}.Debug|Any CPU.Build.0 = Debug|Any CPU
		{05C6A8A4-CAAF-45CC-91F2-BC210AA1DBC5}.Debug|x64.ActiveCfg = Debug|Any CPU
		{05C6A8A4-CAAF-45CC-91F2-BC210AA1DBC5}.Debug|x64.Build.0 = Debug|Any CPU
		{05C6A8A4-CAAF-45CC-91F2-BC210AA1DBC5}.Debug|x86.ActiveCfg = Debug|Any CPU
		{05C6A8A4-CAAF-45CC-91F2-BC210AA1DBC5}.Debug|x86.Build.0 = Debug|Any CPU
		{05C6A8A4-CAAF-45CC-91F2-BC210AA1DBC5}.Release|Any CPU.ActiveCfg = Release|Any CPU
		{05C6A8A4-CAAF-45CC-91F2-BC210AA1DBC5}.Release|Any CPU.Build.0 = Release|Any CPU
		{05C6A8A4-CAAF-45CC-91F2-BC210AA1DBC5}.Release|x64.ActiveCfg = Release|Any CPU
		{05C6A8A4-CAAF-45CC-91F2-BC210AA1DBC5}.Release|x64.Build.0 = Release|Any CPU
		{05C6A8A4-CAAF-45CC-91F2-BC210AA1DBC5}.Release|x86.ActiveCfg = Release|Any CPU
		{05C6A8A4-CAAF-45CC-91F2-BC210AA1DBC5}.Release|x86.Build.0 = Release|Any CPU
		{A5CEC213-9537-416E-90B1-3E5FED2AC1A4}.Debug|Any CPU.ActiveCfg = Debug|Any CPU
		{A5CEC213-9537-416E-90B1-3E5FED2AC1A4}.Debug|Any CPU.Build.0 = Debug|Any CPU
		{A5CEC213-9537-416E-90B1-3E5FED2AC1A4}.Debug|x64.ActiveCfg = Debug|Any CPU
		{A5CEC213-9537-416E-90B1-3E5FED2AC1A4}.Debug|x64.Build.0 = Debug|Any CPU
		{A5CEC213-9537-416E-90B1-3E5FED2AC1A4}.Debug|x86.ActiveCfg = Debug|Any CPU
		{A5CEC213-9537-416E-90B1-3E5FED2AC1A4}.Debug|x86.Build.0 = Debug|Any CPU
		{A5CEC213-9537-416E-90B1-3E5FED2AC1A4}.Release|Any CPU.ActiveCfg = Release|Any CPU
		{A5CEC213-9537-416E-90B1-3E5FED2AC1A4}.Release|Any CPU.Build.0 = Release|Any CPU
		{A5CEC213-9537-416E-90B1-3E5FED2AC1A4}.Release|x64.ActiveCfg = Release|Any CPU
		{A5CEC213-9537-416E-90B1-3E5FED2AC1A4}.Release|x64.Build.0 = Release|Any CPU
		{A5CEC213-9537-416E-90B1-3E5FED2AC1A4}.Release|x86.ActiveCfg = Release|Any CPU
		{A5CEC213-9537-416E-90B1-3E5FED2AC1A4}.Release|x86.Build.0 = Release|Any CPU
		{B5E94DD2-E0CA-4AB0-A6A8-C5037AB59E09}.Debug|Any CPU.ActiveCfg = Debug|Any CPU
		{B5E94DD2-E0CA-4AB0-A6A8-C5037AB59E09}.Debug|Any CPU.Build.0 = Debug|Any CPU
		{B5E94DD2-E0CA-4AB0-A6A8-C5037AB59E09}.Debug|x64.ActiveCfg = Debug|Any CPU
		{B5E94DD2-E0CA-4AB0-A6A8-C5037AB59E09}.Debug|x64.Build.0 = Debug|Any CPU
		{B5E94DD2-E0CA-4AB0-A6A8-C5037AB59E09}.Debug|x86.ActiveCfg = Debug|Any CPU
		{B5E94DD2-E0CA-4AB0-A6A8-C5037AB59E09}.Debug|x86.Build.0 = Debug|Any CPU
		{B5E94DD2-E0CA-4AB0-A6A8-C5037AB59E09}.Release|Any CPU.ActiveCfg = Release|Any CPU
		{B5E94DD2-E0CA-4AB0-A6A8-C5037AB59E09}.Release|Any CPU.Build.0 = Release|Any CPU
		{B5E94DD2-E0CA-4AB0-A6A8-C5037AB59E09}.Release|x64.ActiveCfg = Release|Any CPU
		{B5E94DD2-E0CA-4AB0-A6A8-C5037AB59E09}.Release|x64.Build.0 = Release|Any CPU
		{B5E94DD2-E0CA-4AB0-A6A8-C5037AB59E09}.Release|x86.ActiveCfg = Release|Any CPU
		{B5E94DD2-E0CA-4AB0-A6A8-C5037AB59E09}.Release|x86.Build.0 = Release|Any CPU
		{4557D932-C979-4D6D-B8F2-BC5F8C2135FB}.Debug|Any CPU.ActiveCfg = Debug|Any CPU
		{4557D932-C979-4D6D-B8F2-BC5F8C2135FB}.Debug|Any CPU.Build.0 = Debug|Any CPU
		{4557D932-C979-4D6D-B8F2-BC5F8C2135FB}.Debug|x64.ActiveCfg = Debug|Any CPU
		{4557D932-C979-4D6D-B8F2-BC5F8C2135FB}.Debug|x64.Build.0 = Debug|Any CPU
		{4557D932-C979-4D6D-B8F2-BC5F8C2135FB}.Debug|x86.ActiveCfg = Debug|Any CPU
		{4557D932-C979-4D6D-B8F2-BC5F8C2135FB}.Debug|x86.Build.0 = Debug|Any CPU
		{4557D932-C979-4D6D-B8F2-BC5F8C2135FB}.Release|Any CPU.ActiveCfg = Release|Any CPU
		{4557D932-C979-4D6D-B8F2-BC5F8C2135FB}.Release|Any CPU.Build.0 = Release|Any CPU
		{4557D932-C979-4D6D-B8F2-BC5F8C2135FB}.Release|x64.ActiveCfg = Release|Any CPU
		{4557D932-C979-4D6D-B8F2-BC5F8C2135FB}.Release|x64.Build.0 = Release|Any CPU
		{4557D932-C979-4D6D-B8F2-BC5F8C2135FB}.Release|x86.ActiveCfg = Release|Any CPU
		{4557D932-C979-4D6D-B8F2-BC5F8C2135FB}.Release|x86.Build.0 = Release|Any CPU
		{EDE98084-E676-410B-944B-8FAE85136D0D}.Debug|Any CPU.ActiveCfg = Debug|Any CPU
		{EDE98084-E676-410B-944B-8FAE85136D0D}.Debug|Any CPU.Build.0 = Debug|Any CPU
		{EDE98084-E676-410B-944B-8FAE85136D0D}.Debug|x64.ActiveCfg = Debug|Any CPU
		{EDE98084-E676-410B-944B-8FAE85136D0D}.Debug|x64.Build.0 = Debug|Any CPU
		{EDE98084-E676-410B-944B-8FAE85136D0D}.Debug|x86.ActiveCfg = Debug|Any CPU
		{EDE98084-E676-410B-944B-8FAE85136D0D}.Debug|x86.Build.0 = Debug|Any CPU
		{EDE98084-E676-410B-944B-8FAE85136D0D}.Release|Any CPU.ActiveCfg = Release|Any CPU
		{EDE98084-E676-410B-944B-8FAE85136D0D}.Release|Any CPU.Build.0 = Release|Any CPU
		{EDE98084-E676-410B-944B-8FAE85136D0D}.Release|x64.ActiveCfg = Release|Any CPU
		{EDE98084-E676-410B-944B-8FAE85136D0D}.Release|x64.Build.0 = Release|Any CPU
		{EDE98084-E676-410B-944B-8FAE85136D0D}.Release|x86.ActiveCfg = Release|Any CPU
		{EDE98084-E676-410B-944B-8FAE85136D0D}.Release|x86.Build.0 = Release|Any CPU
		{65EB4FD5-E095-4760-8796-19812D9B3FD3}.Debug|Any CPU.ActiveCfg = Debug|Any CPU
		{65EB4FD5-E095-4760-8796-19812D9B3FD3}.Debug|Any CPU.Build.0 = Debug|Any CPU
		{65EB4FD5-E095-4760-8796-19812D9B3FD3}.Debug|x64.ActiveCfg = Debug|Any CPU
		{65EB4FD5-E095-4760-8796-19812D9B3FD3}.Debug|x64.Build.0 = Debug|Any CPU
		{65EB4FD5-E095-4760-8796-19812D9B3FD3}.Debug|x86.ActiveCfg = Debug|Any CPU
		{65EB4FD5-E095-4760-8796-19812D9B3FD3}.Debug|x86.Build.0 = Debug|Any CPU
		{65EB4FD5-E095-4760-8796-19812D9B3FD3}.Release|Any CPU.ActiveCfg = Release|Any CPU
		{65EB4FD5-E095-4760-8796-19812D9B3FD3}.Release|Any CPU.Build.0 = Release|Any CPU
		{65EB4FD5-E095-4760-8796-19812D9B3FD3}.Release|x64.ActiveCfg = Release|Any CPU
		{65EB4FD5-E095-4760-8796-19812D9B3FD3}.Release|x64.Build.0 = Release|Any CPU
		{65EB4FD5-E095-4760-8796-19812D9B3FD3}.Release|x86.ActiveCfg = Release|Any CPU
		{65EB4FD5-E095-4760-8796-19812D9B3FD3}.Release|x86.Build.0 = Release|Any CPU
		{A88E0C35-20EA-4CAB-B145-8F5CB107EB2F}.Debug|Any CPU.ActiveCfg = Debug|Any CPU
		{A88E0C35-20EA-4CAB-B145-8F5CB107EB2F}.Debug|Any CPU.Build.0 = Debug|Any CPU
		{A88E0C35-20EA-4CAB-B145-8F5CB107EB2F}.Debug|x64.ActiveCfg = Debug|Any CPU
		{A88E0C35-20EA-4CAB-B145-8F5CB107EB2F}.Debug|x64.Build.0 = Debug|Any CPU
		{A88E0C35-20EA-4CAB-B145-8F5CB107EB2F}.Debug|x86.ActiveCfg = Debug|Any CPU
		{A88E0C35-20EA-4CAB-B145-8F5CB107EB2F}.Debug|x86.Build.0 = Debug|Any CPU
		{A88E0C35-20EA-4CAB-B145-8F5CB107EB2F}.Release|Any CPU.ActiveCfg = Release|Any CPU
		{A88E0C35-20EA-4CAB-B145-8F5CB107EB2F}.Release|Any CPU.Build.0 = Release|Any CPU
		{A88E0C35-20EA-4CAB-B145-8F5CB107EB2F}.Release|x64.ActiveCfg = Release|Any CPU
		{A88E0C35-20EA-4CAB-B145-8F5CB107EB2F}.Release|x64.Build.0 = Release|Any CPU
		{A88E0C35-20EA-4CAB-B145-8F5CB107EB2F}.Release|x86.ActiveCfg = Release|Any CPU
		{A88E0C35-20EA-4CAB-B145-8F5CB107EB2F}.Release|x86.Build.0 = Release|Any CPU
		{42E0CD1A-9CE2-42FE-9D45-E04EFC7F4F48}.Debug|Any CPU.ActiveCfg = Debug|Any CPU
		{42E0CD1A-9CE2-42FE-9D45-E04EFC7F4F48}.Debug|Any CPU.Build.0 = Debug|Any CPU
		{42E0CD1A-9CE2-42FE-9D45-E04EFC7F4F48}.Debug|x64.ActiveCfg = Debug|Any CPU
		{42E0CD1A-9CE2-42FE-9D45-E04EFC7F4F48}.Debug|x64.Build.0 = Debug|Any CPU
		{42E0CD1A-9CE2-42FE-9D45-E04EFC7F4F48}.Debug|x86.ActiveCfg = Debug|Any CPU
		{42E0CD1A-9CE2-42FE-9D45-E04EFC7F4F48}.Debug|x86.Build.0 = Debug|Any CPU
		{42E0CD1A-9CE2-42FE-9D45-E04EFC7F4F48}.Release|Any CPU.ActiveCfg = Release|Any CPU
		{42E0CD1A-9CE2-42FE-9D45-E04EFC7F4F48}.Release|Any CPU.Build.0 = Release|Any CPU
		{42E0CD1A-9CE2-42FE-9D45-E04EFC7F4F48}.Release|x64.ActiveCfg = Release|Any CPU
		{42E0CD1A-9CE2-42FE-9D45-E04EFC7F4F48}.Release|x64.Build.0 = Release|Any CPU
		{42E0CD1A-9CE2-42FE-9D45-E04EFC7F4F48}.Release|x86.ActiveCfg = Release|Any CPU
		{42E0CD1A-9CE2-42FE-9D45-E04EFC7F4F48}.Release|x86.Build.0 = Release|Any CPU
	EndGlobalSection
	GlobalSection(SolutionProperties) = preSolution
		HideSolutionNode = FALSE
	EndGlobalSection
	GlobalSection(NestedProjects) = preSolution
		{B5E94DD2-E0CA-4AB0-A6A8-C5037AB59E09} = {CE609670-85B9-0D16-FB54-ED063D5D8A6D}
		{4557D932-C979-4D6D-B8F2-BC5F8C2135FB} = {1AE8ACA6-933B-BF2A-3671-3E2EAC007D16}
		{EDE98084-E676-410B-944B-8FAE85136D0D} = {1AE8ACA6-933B-BF2A-3671-3E2EAC007D16}
		{65EB4FD5-E095-4760-8796-19812D9B3FD3} = {1AE8ACA6-933B-BF2A-3671-3E2EAC007D16}
		{A88E0C35-20EA-4CAB-B145-8F5CB107EB2F} = {1AE8ACA6-933B-BF2A-3671-3E2EAC007D16}
		{F57642F3-C37C-D174-720E-6A6AAD5BEE22} = {1AE8ACA6-933B-BF2A-3671-3E2EAC007D16}
		{42E0CD1A-9CE2-42FE-9D45-E04EFC7F4F48} = {F57642F3-C37C-D174-720E-6A6AAD5BEE22}
	EndGlobalSection
	GlobalSection(ExtensibilityGlobals) = postSolution
		SolutionGuid = {B963B478-9EF0-496E-8C60-5A3C16FA3138}
	EndGlobalSection
EndGlobal
